// !$*UTF8*$!
{
	archiveVersion = 1;
	classes = {
	};
	objectVersion = 46;
	objects = {

/* Begin PBXBuildFile section */
		2DEFFF3D2009A50D4CDEE2AB /* libPods.a in Frameworks */ = {isa = PBXBuildFile; fileRef = E8DD035D04C1F2662B0CE535 /* libPods.a */; };
		FF5BA7A91A5A6E4E005DD711 /* lungun01.png in Resources */ = {isa = PBXBuildFile; fileRef = FF5BA7A51A5A6E4E005DD711 /* lungun01.png */; };
		FF5BA7AA1A5A6E4E005DD711 /* lungun02.png in Resources */ = {isa = PBXBuildFile; fileRef = FF5BA7A61A5A6E4E005DD711 /* lungun02.png */; };
		FF5BA7AB1A5A6E4E005DD711 /* lungun03.png in Resources */ = {isa = PBXBuildFile; fileRef = FF5BA7A71A5A6E4E005DD711 /* lungun03.png */; };
		FF5BA7AC1A5A6E4E005DD711 /* lungun04.png in Resources */ = {isa = PBXBuildFile; fileRef = FF5BA7A81A5A6E4E005DD711 /* lungun04.png */; };
		FF728A4E1A5A26C2007D1831 /* 01-K.png in Resources */ = {isa = PBXBuildFile; fileRef = FF728A4C1A5A26C2007D1831 /* 01-K.png */; };
		FF728A4F1A5A26C2007D1831 /* 02-hand.png in Resources */ = {isa = PBXBuildFile; fileRef = FF728A4D1A5A26C2007D1831 /* 02-hand.png */; };
		FF728A531A5A2FF4007D1831 /* 03-rain-1.png in Resources */ = {isa = PBXBuildFile; fileRef = FF728A501A5A2FF4007D1831 /* 03-rain-1.png */; };
		FF728A541A5A2FF4007D1831 /* 03-rain-3.png in Resources */ = {isa = PBXBuildFile; fileRef = FF728A511A5A2FF4007D1831 /* 03-rain-3.png */; };
		FF728A551A5A2FF4007D1831 /* 03-rain-2.png in Resources */ = {isa = PBXBuildFile; fileRef = FF728A521A5A2FF4007D1831 /* 03-rain-2.png */; };
		FFB2A0461A58E33B002A202C /* main.m in Sources */ = {isa = PBXBuildFile; fileRef = FFB2A0451A58E33B002A202C /* main.m */; };
		FFB2A0491A58E33B002A202C /* AppDelegate.m in Sources */ = {isa = PBXBuildFile; fileRef = FFB2A0481A58E33B002A202C /* AppDelegate.m */; };
		FFB2A04C1A58E33B002A202C /* ViewController.m in Sources */ = {isa = PBXBuildFile; fileRef = FFB2A04B1A58E33B002A202C /* ViewController.m */; };
		FFB2A04F1A58E33B002A202C /* Main.storyboard in Resources */ = {isa = PBXBuildFile; fileRef = FFB2A04D1A58E33B002A202C /* Main.storyboard */; };
		FFB2A0511A58E33B002A202C /* Images.xcassets in Resources */ = {isa = PBXBuildFile; fileRef = FFB2A0501A58E33B002A202C /* Images.xcassets */; };
		FFB2A0541A58E33B002A202C /* LaunchScreen.xib in Resources */ = {isa = PBXBuildFile; fileRef = FFB2A0521A58E33B002A202C /* LaunchScreen.xib */; };
		FFB2A0601A58E33B002A202C /* testGuideViewTests.m in Sources */ = {isa = PBXBuildFile; fileRef = FFB2A05F1A58E33B002A202C /* testGuideViewTests.m */; };
		FFB2A09B1A5914D7002A202C /* 01-10%.png in Resources */ = {isa = PBXBuildFile; fileRef = FFB2A08B1A5914D7002A202C /* 01-10%.png */; };
		FFB2A09C1A5914D7002A202C /* 01-20%.png in Resources */ = {isa = PBXBuildFile; fileRef = FFB2A08C1A5914D7002A202C /* 01-20%.png */; };
		FFB2A09D1A5914D7002A202C /* 01-bg.png in Resources */ = {isa = PBXBuildFile; fileRef = FFB2A08D1A5914D7002A202C /* 01-bg.png */; };
		FFB2A09F1A5914D7002A202C /* 02-2.png in Resources */ = {isa = PBXBuildFile; fileRef = FFB2A08F1A5914D7002A202C /* 02-2.png */; };
		FFB2A0A01A5914D7002A202C /* 02-1.png in Resources */ = {isa = PBXBuildFile; fileRef = FFB2A0901A5914D7002A202C /* 02-1.png */; };
		FFB2A0A11A5914D7002A202C /* 02-3.png in Resources */ = {isa = PBXBuildFile; fileRef = FFB2A0911A5914D7002A202C /* 02-3.png */; };
		FFB2A0A21A5914D7002A202C /* 02-bg.png in Resources */ = {isa = PBXBuildFile; fileRef = FFB2A0921A5914D7002A202C /* 02-bg.png */; };
		FFB2A0A31A5914D7002A202C /* 02-Circle.png in Resources */ = {isa = PBXBuildFile; fileRef = FFB2A0931A5914D7002A202C /* 02-Circle.png */; };
		FFB2A0A51A5914D7002A202C /* 03-bg.png in Resources */ = {isa = PBXBuildFile; fileRef = FFB2A0951A5914D7002A202C /* 03-bg.png */; };
		FFB2A0A61A5914D7002A202C /* 03-hand.png in Resources */ = {isa = PBXBuildFile; fileRef = FFB2A0961A5914D7002A202C /* 03-hand.png */; };
		FFB2A0A81A5914D7002A202C /* 引导01.png in Resources */ = {isa = PBXBuildFile; fileRef = FFB2A0981A5914D7002A202C /* 引导01.png */; };
		FFB2A0A91A5914D7002A202C /* 引导02.png in Resources */ = {isa = PBXBuildFile; fileRef = FFB2A0991A5914D7002A202C /* 引导02.png */; };
		FFB2A0AA1A5914D7002A202C /* 引导03.png in Resources */ = {isa = PBXBuildFile; fileRef = FFB2A09A1A5914D7002A202C /* 引导03.png */; };
/* End PBXBuildFile section */

/* Begin PBXContainerItemProxy section */
		FFB2A05A1A58E33B002A202C /* PBXContainerItemProxy */ = {
			isa = PBXContainerItemProxy;
			containerPortal = FFB2A0381A58E33B002A202C /* Project object */;
			proxyType = 1;
			remoteGlobalIDString = FFB2A03F1A58E33B002A202C;
			remoteInfo = testGuideView;
		};
/* End PBXContainerItemProxy section */

/* Begin PBXFileReference section */
		6D4249C6B76FD809B4BF46F5 /* Pods.release.xcconfig */ = {isa = PBXFileReference; includeInIndex = 1; lastKnownFileType = text.xcconfig; name = Pods.release.xcconfig; path = "Pods/Target Support Files/Pods/Pods.release.xcconfig"; sourceTree = "<group>"; };
		D2CE11B38DB07A104CF85C80 /* Pods.debug.xcconfig */ = {isa = PBXFileReference; includeInIndex = 1; lastKnownFileType = text.xcconfig; name = Pods.debug.xcconfig; path = "Pods/Target Support Files/Pods/Pods.debug.xcconfig"; sourceTree = "<group>"; };
		E8DD035D04C1F2662B0CE535 /* libPods.a */ = {isa = PBXFileReference; explicitFileType = archive.ar; includeInIndex = 0; path = libPods.a; sourceTree = BUILT_PRODUCTS_DIR; };
		FF5BA7A51A5A6E4E005DD711 /* lungun01.png */ = {isa = PBXFileReference; lastKnownFileType = image.png; path = lungun01.png; sourceTree = "<group>"; };
		FF5BA7A61A5A6E4E005DD711 /* lungun02.png */ = {isa = PBXFileReference; lastKnownFileType = image.png; path = lungun02.png; sourceTree = "<group>"; };
		FF5BA7A71A5A6E4E005DD711 /* lungun03.png */ = {isa = PBXFileReference; lastKnownFileType = image.png; path = lungun03.png; sourceTree = "<group>"; };
		FF5BA7A81A5A6E4E005DD711 /* lungun04.png */ = {isa = PBXFileReference; lastKnownFileType = image.png; path = lungun04.png; sourceTree = "<group>"; };
		FF728A4C1A5A26C2007D1831 /* 01-K.png */ = {isa = PBXFileReference; lastKnownFileType = image.png; path = "01-K.png"; sourceTree = "<group>"; };
		FF728A4D1A5A26C2007D1831 /* 02-hand.png */ = {isa = PBXFileReference; lastKnownFileType = image.png; path = "02-hand.png"; sourceTree = "<group>"; };
		FF728A501A5A2FF4007D1831 /* 03-rain-1.png */ = {isa = PBXFileReference; lastKnownFileType = image.png; path = "03-rain-1.png"; sourceTree = "<group>"; };
		FF728A511A5A2FF4007D1831 /* 03-rain-3.png */ = {isa = PBXFileReference; lastKnownFileType = image.png; path = "03-rain-3.png"; sourceTree = "<group>"; };
		FF728A521A5A2FF4007D1831 /* 03-rain-2.png */ = {isa = PBXFileReference; lastKnownFileType = image.png; path = "03-rain-2.png"; sourceTree = "<group>"; };
		FFB2A0401A58E33B002A202C /* testGuideView.app */ = {isa = PBXFileReference; explicitFileType = wrapper.application; includeInIndex = 0; path = testGuideView.app; sourceTree = BUILT_PRODUCTS_DIR; };
		FFB2A0441A58E33B002A202C /* Info.plist */ = {isa = PBXFileReference; lastKnownFileType = text.plist.xml; path = Info.plist; sourceTree = "<group>"; };
		FFB2A0451A58E33B002A202C /* main.m */ = {isa = PBXFileReference; lastKnownFileType = sourcecode.c.objc; path = main.m; sourceTree = "<group>"; };
		FFB2A0471A58E33B002A202C /* AppDelegate.h */ = {isa = PBXFileReference; lastKnownFileType = sourcecode.c.h; path = AppDelegate.h; sourceTree = "<group>"; };
		FFB2A0481A58E33B002A202C /* AppDelegate.m */ = {isa = PBXFileReference; lastKnownFileType = sourcecode.c.objc; path = AppDelegate.m; sourceTree = "<group>"; };
		FFB2A04A1A58E33B002A202C /* ViewController.h */ = {isa = PBXFileReference; lastKnownFileType = sourcecode.c.h; path = ViewController.h; sourceTree = "<group>"; };
		FFB2A04B1A58E33B002A202C /* ViewController.m */ = {isa = PBXFileReference; lastKnownFileType = sourcecode.c.objc; path = ViewController.m; sourceTree = "<group>"; };
		FFB2A04E1A58E33B002A202C /* Base */ = {isa = PBXFileReference; lastKnownFileType = file.storyboard; name = Base; path = Base.lproj/Main.storyboard; sourceTree = "<group>"; };
		FFB2A0501A58E33B002A202C /* Images.xcassets */ = {isa = PBXFileReference; lastKnownFileType = folder.assetcatalog; path = Images.xcassets; sourceTree = "<group>"; };
		FFB2A0531A58E33B002A202C /* Base */ = {isa = PBXFileReference; lastKnownFileType = file.xib; name = Base; path = Base.lproj/LaunchScreen.xib; sourceTree = "<group>"; };
		FFB2A0591A58E33B002A202C /* testGuideViewTests.xctest */ = {isa = PBXFileReference; explicitFileType = wrapper.cfbundle; includeInIndex = 0; path = testGuideViewTests.xctest; sourceTree = BUILT_PRODUCTS_DIR; };
		FFB2A05E1A58E33B002A202C /* Info.plist */ = {isa = PBXFileReference; lastKnownFileType = text.plist.xml; path = Info.plist; sourceTree = "<group>"; };
		FFB2A05F1A58E33B002A202C /* testGuideViewTests.m */ = {isa = PBXFileReference; lastKnownFileType = sourcecode.c.objc; path = testGuideViewTests.m; sourceTree = "<group>"; };
		FFB2A08B1A5914D7002A202C /* 01-10%.png */ = {isa = PBXFileReference; lastKnownFileType = image.png; path = "01-10%.png"; sourceTree = "<group>"; };
		FFB2A08C1A5914D7002A202C /* 01-20%.png */ = {isa = PBXFileReference; lastKnownFileType = image.png; path = "01-20%.png"; sourceTree = "<group>"; };
		FFB2A08D1A5914D7002A202C /* 01-bg.png */ = {isa = PBXFileReference; lastKnownFileType = image.png; path = "01-bg.png"; sourceTree = "<group>"; };
		FFB2A08F1A5914D7002A202C /* 02-2.png */ = {isa = PBXFileReference; lastKnownFileType = image.png; path = "02-2.png"; sourceTree = "<group>"; };
		FFB2A0901A5914D7002A202C /* 02-1.png */ = {isa = PBXFileReference; lastKnownFileType = image.png; path = "02-1.png"; sourceTree = "<group>"; };
		FFB2A0911A5914D7002A202C /* 02-3.png */ = {isa = PBXFileReference; lastKnownFileType = image.png; path = "02-3.png"; sourceTree = "<group>"; };
		FFB2A0921A5914D7002A202C /* 02-bg.png */ = {isa = PBXFileReference; lastKnownFileType = image.png; path = "02-bg.png"; sourceTree = "<group>"; };
		FFB2A0931A5914D7002A202C /* 02-Circle.png */ = {isa = PBXFileReference; lastKnownFileType = image.png; path = "02-Circle.png"; sourceTree = "<group>"; };
		FFB2A0951A5914D7002A202C /* 03-bg.png */ = {isa = PBXFileReference; lastKnownFileType = image.png; path = "03-bg.png"; sourceTree = "<group>"; };
		FFB2A0961A5914D7002A202C /* 03-hand.png */ = {isa = PBXFileReference; lastKnownFileType = image.png; path = "03-hand.png"; sourceTree = "<group>"; };
		FFB2A0981A5914D7002A202C /* 引导01.png */ = {isa = PBXFileReference; lastKnownFileType = image.png; path = "引导01.png"; sourceTree = "<group>"; };
		FFB2A0991A5914D7002A202C /* 引导02.png */ = {isa = PBXFileReference; lastKnownFileType = image.png; path = "引导02.png"; sourceTree = "<group>"; };
		FFB2A09A1A5914D7002A202C /* 引导03.png */ = {isa = PBXFileReference; lastKnownFileType = image.png; path = "引导03.png"; sourceTree = "<group>"; };
/* End PBXFileReference section */

/* Begin PBXFrameworksBuildPhase section */
		FFB2A03D1A58E33B002A202C /* Frameworks */ = {
			isa = PBXFrameworksBuildPhase;
			buildActionMask = 2147483647;
			files = (
				2DEFFF3D2009A50D4CDEE2AB /* libPods.a in Frameworks */,
			);
			runOnlyForDeploymentPostprocessing = 0;
		};
		FFB2A0561A58E33B002A202C /* Frameworks */ = {
			isa = PBXFrameworksBuildPhase;
			buildActionMask = 2147483647;
			files = (
			);
			runOnlyForDeploymentPostprocessing = 0;
		};
/* End PBXFrameworksBuildPhase section */

/* Begin PBXGroup section */
		70F3091AB8DA649F1CA757E4 /* Pods */ = {
			isa = PBXGroup;
			children = (
				D2CE11B38DB07A104CF85C80 /* Pods.debug.xcconfig */,
				6D4249C6B76FD809B4BF46F5 /* Pods.release.xcconfig */,
			);
			name = Pods;
			sourceTree = "<group>";
		};
		AF51D069F4D6C56301E0EDC7 /* Frameworks */ = {
			isa = PBXGroup;
			children = (
				E8DD035D04C1F2662B0CE535 /* libPods.a */,
			);
			name = Frameworks;
			sourceTree = "<group>";
		};
		FFB2A0371A58E33B002A202C = {
			isa = PBXGroup;
			children = (
				FFB2A0421A58E33B002A202C /* testGuideView */,
				FFB2A05C1A58E33B002A202C /* testGuideViewTests */,
				FFB2A0411A58E33B002A202C /* Products */,
				70F3091AB8DA649F1CA757E4 /* Pods */,
				AF51D069F4D6C56301E0EDC7 /* Frameworks */,
			);
			sourceTree = "<group>";
		};
		FFB2A0411A58E33B002A202C /* Products */ = {
			isa = PBXGroup;
			children = (
				FFB2A0401A58E33B002A202C /* testGuideView.app */,
				FFB2A0591A58E33B002A202C /* testGuideViewTests.xctest */,
			);
			name = Products;
			sourceTree = "<group>";
		};
		FFB2A0421A58E33B002A202C /* testGuideView */ = {
			isa = PBXGroup;
			children = (
				FFB2A08A1A5914D7002A202C /* GuidePng */,
				FFB2A0471A58E33B002A202C /* AppDelegate.h */,
				FFB2A0481A58E33B002A202C /* AppDelegate.m */,
				FFB2A04A1A58E33B002A202C /* ViewController.h */,
				FFB2A04B1A58E33B002A202C /* ViewController.m */,
				FFB2A04D1A58E33B002A202C /* Main.storyboard */,
				FFB2A0501A58E33B002A202C /* Images.xcassets */,
				FFB2A0521A58E33B002A202C /* LaunchScreen.xib */,
				FFB2A0431A58E33B002A202C /* Supporting Files */,
			);
			path = testGuideView;
			sourceTree = "<group>";
		};
		FFB2A0431A58E33B002A202C /* Supporting Files */ = {
			isa = PBXGroup;
			children = (
				FFB2A0441A58E33B002A202C /* Info.plist */,
				FFB2A0451A58E33B002A202C /* main.m */,
			);
			name = "Supporting Files";
			sourceTree = "<group>";
		};
		FFB2A05C1A58E33B002A202C /* testGuideViewTests */ = {
			isa = PBXGroup;
			children = (
				FFB2A05F1A58E33B002A202C /* testGuideViewTests.m */,
				FFB2A05D1A58E33B002A202C /* Supporting Files */,
			);
			path = testGuideViewTests;
			sourceTree = "<group>";
		};
		FFB2A05D1A58E33B002A202C /* Supporting Files */ = {
			isa = PBXGroup;
			children = (
				FFB2A05E1A58E33B002A202C /* Info.plist */,
			);
			name = "Supporting Files";
			sourceTree = "<group>";
		};
		FFB2A08A1A5914D7002A202C /* GuidePng */ = {
			isa = PBXGroup;
			children = (
				FF728A501A5A2FF4007D1831 /* 03-rain-1.png */,
				FF5BA7A51A5A6E4E005DD711 /* lungun01.png */,
				FF5BA7A61A5A6E4E005DD711 /* lungun02.png */,
				FF5BA7A71A5A6E4E005DD711 /* lungun03.png */,
				FF5BA7A81A5A6E4E005DD711 /* lungun04.png */,
				FF728A511A5A2FF4007D1831 /* 03-rain-3.png */,
				FF728A521A5A2FF4007D1831 /* 03-rain-2.png */,
				FF728A4C1A5A26C2007D1831 /* 01-K.png */,
				FF728A4D1A5A26C2007D1831 /* 02-hand.png */,
				FFB2A08B1A5914D7002A202C /* 01-10%.png */,
				FFB2A08C1A5914D7002A202C /* 01-20%.png */,
				FFB2A08D1A5914D7002A202C /* 01-bg.png */,
				FFB2A08F1A5914D7002A202C /* 02-2.png */,
				FFB2A0901A5914D7002A202C /* 02-1.png */,
				FFB2A0911A5914D7002A202C /* 02-3.png */,
				FFB2A0921A5914D7002A202C /* 02-bg.png */,
				FFB2A0931A5914D7002A202C /* 02-Circle.png */,
				FFB2A0951A5914D7002A202C /* 03-bg.png */,
				FFB2A0961A5914D7002A202C /* 03-hand.png */,
				FFB2A0981A5914D7002A202C /* 引导01.png */,
				FFB2A0991A5914D7002A202C /* 引导02.png */,
				FFB2A09A1A5914D7002A202C /* 引导03.png */,
			);
			path = GuidePng;
			sourceTree = "<group>";
		};
/* End PBXGroup section */

/* Begin PBXNativeTarget section */
		FFB2A03F1A58E33B002A202C /* testGuideView */ = {
			isa = PBXNativeTarget;
			buildConfigurationList = FFB2A0631A58E33B002A202C /* Build configuration list for PBXNativeTarget "testGuideView" */;
			buildPhases = (
				75B697CFDB20A44E4BB05DD0 /* Check Pods Manifest.lock */,
				FFB2A03C1A58E33B002A202C /* Sources */,
				FFB2A03D1A58E33B002A202C /* Frameworks */,
				FFB2A03E1A58E33B002A202C /* Resources */,
				092BD487607AB7B587DCE46D /* Copy Pods Resources */,
			);
			buildRules = (
			);
			dependencies = (
			);
			name = testGuideView;
			productName = testGuideView;
			productReference = FFB2A0401A58E33B002A202C /* testGuideView.app */;
			productType = "com.apple.product-type.application";
		};
		FFB2A0581A58E33B002A202C /* testGuideViewTests */ = {
			isa = PBXNativeTarget;
			buildConfigurationList = FFB2A0661A58E33B002A202C /* Build configuration list for PBXNativeTarget "testGuideViewTests" */;
			buildPhases = (
				FFB2A0551A58E33B002A202C /* Sources */,
				FFB2A0561A58E33B002A202C /* Frameworks */,
				FFB2A0571A58E33B002A202C /* Resources */,
			);
			buildRules = (
			);
			dependencies = (
				FFB2A05B1A58E33B002A202C /* PBXTargetDependency */,
			);
			name = testGuideViewTests;
			productName = testGuideViewTests;
			productReference = FFB2A0591A58E33B002A202C /* testGuideViewTests.xctest */;
			productType = "com.apple.product-type.bundle.unit-test";
		};
/* End PBXNativeTarget section */

/* Begin PBXProject section */
		FFB2A0381A58E33B002A202C /* Project object */ = {
			isa = PBXProject;
			attributes = {
				LastUpgradeCheck = 0610;
				ORGANIZATIONNAME = Resory;
				TargetAttributes = {
					FFB2A03F1A58E33B002A202C = {
						CreatedOnToolsVersion = 6.1.1;
					};
					FFB2A0581A58E33B002A202C = {
						CreatedOnToolsVersion = 6.1.1;
						TestTargetID = FFB2A03F1A58E33B002A202C;
					};
				};
			};
			buildConfigurationList = FFB2A03B1A58E33B002A202C /* Build configuration list for PBXProject "testGuideView" */;
			compatibilityVersion = "Xcode 3.2";
			developmentRegion = English;
			hasScannedForEncodings = 0;
			knownRegions = (
				en,
				Base,
			);
			mainGroup = FFB2A0371A58E33B002A202C;
			productRefGroup = FFB2A0411A58E33B002A202C /* Products */;
			projectDirPath = "";
			projectRoot = "";
			targets = (
				FFB2A03F1A58E33B002A202C /* testGuideView */,
				FFB2A0581A58E33B002A202C /* testGuideViewTests */,
			);
		};
/* End PBXProject section */

/* Begin PBXResourcesBuildPhase section */
		FFB2A03E1A58E33B002A202C /* Resources */ = {
			isa = PBXResourcesBuildPhase;
			buildActionMask = 2147483647;
			files = (
				FF5BA7AA1A5A6E4E005DD711 /* lungun02.png in Resources */,
				FF728A4E1A5A26C2007D1831 /* 01-K.png in Resources */,
				FFB2A0A21A5914D7002A202C /* 02-bg.png in Resources */,
				FFB2A0A31A5914D7002A202C /* 02-Circle.png in Resources */,
				FFB2A0A91A5914D7002A202C /* 引导02.png in Resources */,
				FFB2A0A61A5914D7002A202C /* 03-hand.png in Resources */,
				FFB2A0A01A5914D7002A202C /* 02-1.png in Resources */,
				FF728A551A5A2FF4007D1831 /* 03-rain-2.png in Resources */,
				FFB2A04F1A58E33B002A202C /* Main.storyboard in Resources */,
				FFB2A09B1A5914D7002A202C /* 01-10%.png in Resources */,
				FF5BA7A91A5A6E4E005DD711 /* lungun01.png in Resources */,
				FFB2A09F1A5914D7002A202C /* 02-2.png in Resources */,
				FFB2A09C1A5914D7002A202C /* 01-20%.png in Resources */,
				FFB2A09D1A5914D7002A202C /* 01-bg.png in Resources */,
				FFB2A0AA1A5914D7002A202C /* 引导03.png in Resources */,
				FFB2A0A11A5914D7002A202C /* 02-3.png in Resources */,
				FF728A541A5A2FF4007D1831 /* 03-rain-3.png in Resources */,
				FFB2A0541A58E33B002A202C /* LaunchScreen.xib in Resources */,
				FF5BA7AC1A5A6E4E005DD711 /* lungun04.png in Resources */,
				FFB2A0511A58E33B002A202C /* Images.xcassets in Resources */,
				FF5BA7AB1A5A6E4E005DD711 /* lungun03.png in Resources */,
				FFB2A0A51A5914D7002A202C /* 03-bg.png in Resources */,
				FF728A4F1A5A26C2007D1831 /* 02-hand.png in Resources */,
				FF728A531A5A2FF4007D1831 /* 03-rain-1.png in Resources */,
				FFB2A0A81A5914D7002A202C /* 引导01.png in Resources */,
			);
			runOnlyForDeploymentPostprocessing = 0;
		};
		FFB2A0571A58E33B002A202C /* Resources */ = {
			isa = PBXResourcesBuildPhase;
			buildActionMask = 2147483647;
			files = (
			);
			runOnlyForDeploymentPostprocessing = 0;
		};
/* End PBXResourcesBuildPhase section */

/* Begin PBXShellScriptBuildPhase section */
		092BD487607AB7B587DCE46D /* Copy Pods Resources */ = {
			isa = PBXShellScriptBuildPhase;
			buildActionMask = 2147483647;
			files = (
			);
			inputPaths = (
			);
			name = "Copy Pods Resources";
			outputPaths = (
			);
			runOnlyForDeploymentPostprocessing = 0;
			shellPath = /bin/sh;
			shellScript = "\"${SRCROOT}/Pods/Target Support Files/Pods/Pods-resources.sh\"\n";
			showEnvVarsInLog = 0;
		};
		75B697CFDB20A44E4BB05DD0 /* Check Pods Manifest.lock */ = {
			isa = PBXShellScriptBuildPhase;
			buildActionMask = 2147483647;
			files = (
			);
			inputPaths = (
			);
			name = "Check Pods Manifest.lock";
			outputPaths = (
			);
			runOnlyForDeploymentPostprocessing = 0;
			shellPath = /bin/sh;
			shellScript = "diff \"${PODS_ROOT}/../Podfile.lock\" \"${PODS_ROOT}/Manifest.lock\" > /dev/null\nif [[ $? != 0 ]] ; then\n    cat << EOM\nerror: The sandbox is not in sync with the Podfile.lock. Run 'pod install' or update your CocoaPods installation.\nEOM\n    exit 1\nfi\n";
			showEnvVarsInLog = 0;
		};
/* End PBXShellScriptBuildPhase section */

/* Begin PBXSourcesBuildPhase section */
		FFB2A03C1A58E33B002A202C /* Sources */ = {
			isa = PBXSourcesBuildPhase;
			buildActionMask = 2147483647;
			files = (
				FFB2A04C1A58E33B002A202C /* ViewController.m in Sources */,
				FFB2A0491A58E33B002A202C /* AppDelegate.m in Sources */,
				FFB2A0461A58E33B002A202C /* main.m in Sources */,
			);
			runOnlyForDeploymentPostprocessing = 0;
		};
		FFB2A0551A58E33B002A202C /* Sources */ = {
			isa = PBXSourcesBuildPhase;
			buildActionMask = 2147483647;
			files = (
				FFB2A0601A58E33B002A202C /* testGuideViewTests.m in Sources */,
			);
			runOnlyForDeploymentPostprocessing = 0;
		};
/* End PBXSourcesBuildPhase section */

/* Begin PBXTargetDependency section */
		FFB2A05B1A58E33B002A202C /* PBXTargetDependency */ = {
			isa = PBXTargetDependency;
			target = FFB2A03F1A58E33B002A202C /* testGuideView */;
			targetProxy = FFB2A05A1A58E33B002A202C /* PBXContainerItemProxy */;
		};
/* End PBXTargetDependency section */

/* Begin PBXVariantGroup section */
		FFB2A04D1A58E33B002A202C /* Main.storyboard */ = {
			isa = PBXVariantGroup;
			children = (
				FFB2A04E1A58E33B002A202C /* Base */,
			);
			name = Main.storyboard;
			sourceTree = "<group>";
		};
		FFB2A0521A58E33B002A202C /* LaunchScreen.xib */ = {
			isa = PBXVariantGroup;
			children = (
				FFB2A0531A58E33B002A202C /* Base */,
			);
			name = LaunchScreen.xib;
			sourceTree = "<group>";
		};
/* End PBXVariantGroup section */

/* Begin XCBuildConfiguration section */
		FFB2A0611A58E33B002A202C /* Debug */ = {
			isa = XCBuildConfiguration;
			buildSettings = {
				ALWAYS_SEARCH_USER_PATHS = NO;
				CLANG_CXX_LANGUAGE_STANDARD = "gnu++0x";
				CLANG_CXX_LIBRARY = "libc++";
				CLANG_ENABLE_MODULES = YES;
				CLANG_ENABLE_OBJC_ARC = YES;
				CLANG_WARN_BOOL_CONVERSION = YES;
				CLANG_WARN_CONSTANT_CONVERSION = YES;
				CLANG_WARN_DIRECT_OBJC_ISA_USAGE = YES_ERROR;
				CLANG_WARN_EMPTY_BODY = YES;
				CLANG_WARN_ENUM_CONVERSION = YES;
				CLANG_WARN_INT_CONVERSION = YES;
				CLANG_WARN_OBJC_ROOT_CLASS = YES_ERROR;
				CLANG_WARN_UNREACHABLE_CODE = YES;
				CLANG_WARN__DUPLICATE_METHOD_MATCH = YES;
				"CODE_SIGN_IDENTITY[sdk=iphoneos*]" = "iPhone Developer";
				COPY_PHASE_STRIP = NO;
				ENABLE_STRICT_OBJC_MSGSEND = YES;
				GCC_C_LANGUAGE_STANDARD = gnu99;
				GCC_DYNAMIC_NO_PIC = NO;
				GCC_OPTIMIZATION_LEVEL = 0;
				GCC_PREPROCESSOR_DEFINITIONS = (
					"DEBUG=1",
					"$(inherited)",
				);
				GCC_SYMBOLS_PRIVATE_EXTERN = NO;
				GCC_WARN_64_TO_32_BIT_CONVERSION = YES;
				GCC_WARN_ABOUT_RETURN_TYPE = YES_ERROR;
				GCC_WARN_UNDECLARED_SELECTOR = YES;
				GCC_WARN_UNINITIALIZED_AUTOS = YES_AGGRESSIVE;
				GCC_WARN_UNUSED_FUNCTION = YES;
				GCC_WARN_UNUSED_VARIABLE = YES;
				IPHONEOS_DEPLOYMENT_TARGET = 8.1;
				MTL_ENABLE_DEBUG_INFO = YES;
				ONLY_ACTIVE_ARCH = YES;
				SDKROOT = iphoneos;
			};
			name = Debug;
		};
		FFB2A0621A58E33B002A202C /* Release */ = {
			isa = XCBuildConfiguration;
			buildSettings = {
				ALWAYS_SEARCH_USER_PATHS = NO;
				CLANG_CXX_LANGUAGE_STANDARD = "gnu++0x";
				CLANG_CXX_LIBRARY = "libc++";
				CLANG_ENABLE_MODULES = YES;
				CLANG_ENABLE_OBJC_ARC = YES;
				CLANG_WARN_BOOL_CONVERSION = YES;
				CLANG_WARN_CONSTANT_CONVERSION = YES;
				CLANG_WARN_DIRECT_OBJC_ISA_USAGE = YES_ERROR;
				CLANG_WARN_EMPTY_BODY = YES;
				CLANG_WARN_ENUM_CONVERSION = YES;
				CLANG_WARN_INT_CONVERSION = YES;
				CLANG_WARN_OBJC_ROOT_CLASS = YES_ERROR;
				CLANG_WARN_UNREACHABLE_CODE = YES;
				CLANG_WARN__DUPLICATE_METHOD_MATCH = YES;
				"CODE_SIGN_IDENTITY[sdk=iphoneos*]" = "iPhone Developer";
				COPY_PHASE_STRIP = YES;
				ENABLE_NS_ASSERTIONS = NO;
				ENABLE_STRICT_OBJC_MSGSEND = YES;
				GCC_C_LANGUAGE_STANDARD = gnu99;
				GCC_WARN_64_TO_32_BIT_CONVERSION = YES;
				GCC_WARN_ABOUT_RETURN_TYPE = YES_ERROR;
				GCC_WARN_UNDECLARED_SELECTOR = YES;
				GCC_WARN_UNINITIALIZED_AUTOS = YES_AGGRESSIVE;
				GCC_WARN_UNUSED_FUNCTION = YES;
				GCC_WARN_UNUSED_VARIABLE = YES;
				IPHONEOS_DEPLOYMENT_TARGET = 8.1;
				MTL_ENABLE_DEBUG_INFO = NO;
				SDKROOT = iphoneos;
				VALIDATE_PRODUCT = YES;
			};
			name = Release;
		};
		FFB2A0641A58E33B002A202C /* Debug */ = {
			isa = XCBuildConfiguration;
			baseConfigurationReference = D2CE11B38DB07A104CF85C80 /* Pods.debug.xcconfig */;
			buildSettings = {
				ASSETCATALOG_COMPILER_APPICON_NAME = AppIcon;
				INFOPLIST_FILE = testGuideView/Info.plist;
				IPHONEOS_DEPLOYMENT_TARGET = 7.0;
				LD_RUNPATH_SEARCH_PATHS = "$(inherited) @executable_path/Frameworks";
				PRODUCT_NAME = "$(TARGET_NAME)";
			};
			name = Debug;
		};
		FFB2A0651A58E33B002A202C /* Release */ = {
			isa = XCBuildConfiguration;
			baseConfigurationReference = 6D4249C6B76FD809B4BF46F5 /* Pods.release.xcconfig */;
			buildSettings = {
				ASSETCATALOG_COMPILER_APPICON_NAME = AppIcon;
				INFOPLIST_FILE = testGuideView/Info.plist;
				IPHONEOS_DEPLOYMENT_TARGET = 7.0;
				LD_RUNPATH_SEARCH_PATHS = "$(inherited) @executable_path/Frameworks";
				PRODUCT_NAME = "$(TARGET_NAME)";
			};
			name = Release;
		};
		FFB2A0671A58E33B002A202C /* Debug */ = {
			isa = XCBuildConfiguration;
			buildSettings = {
				BUNDLE_LOADER = "$(TEST_HOST)";
				FRAMEWORK_SEARCH_PATHS = (
					"$(SDKROOT)/Developer/Library/Frameworks",
					"$(inherited)",
				);
				GCC_PREPROCESSOR_DEFINITIONS = (
					"DEBUG=1",
					"$(inherited)",
				);
				INFOPLIST_FILE = testGuideViewTests/Info.plist;
				LD_RUNPATH_SEARCH_PATHS = "$(inherited) @executable_path/Frameworks @loader_path/Frameworks";
				PRODUCT_NAME = "$(TARGET_NAME)";
				TEST_HOST = "$(BUILT_PRODUCTS_DIR)/testGuideView.app/testGuideView";
			};
			name = Debug;
		};
		FFB2A0681A58E33B002A202C /* Release */ = {
			isa = XCBuildConfiguration;
			buildSettings = {
				BUNDLE_LOADER = "$(TEST_HOST)";
				FRAMEWORK_SEARCH_PATHS = (
					"$(SDKROOT)/Developer/Library/Frameworks",
					"$(inherited)",
				);
				INFOPLIST_FILE = testGuideViewTests/Info.plist;
				LD_RUNPATH_SEARCH_PATHS = "$(inherited) @executable_path/Frameworks @loader_path/Frameworks";
				PRODUCT_NAME = "$(TARGET_NAME)";
				TEST_HOST = "$(BUILT_PRODUCTS_DIR)/testGuideView.app/testGuideView";
			};
			name = Release;
		};
/* End XCBuildConfiguration section */

/* Begin XCConfigurationList section */
		FFB2A03B1A58E33B002A202C /* Build configuration list for PBXProject "testGuideView" */ = {
			isa = XCConfigurationList;
			buildConfigurations = (
				FFB2A0611A58E33B002A202C /* Debug */,
				FFB2A0621A58E33B002A202C /* Release */,
			);
			defaultConfigurationIsVisible = 0;
			defaultConfigurationName = Release;
		};
		FFB2A0631A58E33B002A202C /* Build configuration list for PBXNativeTarget "testGuideView" */ = {
			isa = XCConfigurationList;
			buildConfigurations = (
				FFB2A0641A58E33B002A202C /* Debug */,
				FFB2A0651A58E33B002A202C /* Release */,
			);
			defaultConfigurationIsVisible = 0;
			defaultConfigurationName = Release;
		};
		FFB2A0661A58E33B002A202C /* Build configuration list for PBXNativeTarget "testGuideViewTests" */ = {
			isa = XCConfigurationList;
			buildConfigurations = (
				FFB2A0671A58E33B002A202C /* Debug */,
				FFB2A0681A58E33B002A202C /* Release */,
			);
			defaultConfigurationIsVisible = 0;
			defaultConfigurationName = Release;
		};
/* End XCConfigurationList section */
	};
	rootObject = FFB2A0381A58E33B002A202C /* Project object */;
}
